
Microsoft Visual Studio Solution File, Format Version 12.00
# Visual Studio 2013
VisualStudioVersion = 12.0.31101.0
MinimumVisualStudioVersion = 10.0.40219.1
Project("{8BC9CEB8-8B4A-11D0-8D11-00A0C91BC942}") = "Classnotes", "Classnotes\Classnotes.vcxproj", "{0773F051-FC74-4A2C-9F7A-D1E3732A32A0}"
EndProject
Global
	GlobalSection(SolutionConfigurationPlatforms) = preSolution
		Debug|Win32 = Debug|Win32
		Release|Win32 = Release|Win32
	EndGlobalSection
	GlobalSection(ProjectConfigurationPlatforms) = postSolution
		{0773F051-FC74-4A2C-9F7A-D1E3732A32A0}.Debug|Win32.ActiveCfg = Debug|Win32
		{0773F051-FC74-4A2C-9F7A-D1E3732A32A0}.Debug|Win32.Build.0 = Debug|Win32
		{0773F051-FC74-4A2C-9F7A-D1E3732A32A0}.Release|Win32.ActiveCfg = Release|Win32
		{0773F051-FC74-4A2C-9F7A-D1E3732A32A0}.Release|Win32.Build.0 = Release|Win32
	EndGlobalSection
	GlobalSection(SolutionProperties) = preSolution
		HideSolutionNode = FALSE
	EndGlobalSection
EndGlobal
